// !$*UTF8*$!
{
	archiveVersion = 1;
	classes = {
	};
	objectVersion = 56;
	objects = {

/* Begin PBXBuildFile section */
		E06072AC2B23841300BF4856 /* InstagramCloneApp.swift in Sources */ = {isa = PBXBuildFile; fileRef = E06072AB2B23841300BF4856 /* InstagramCloneApp.swift */; };
		E06072AE2B23841300BF4856 /* ContentView.swift in Sources */ = {isa = PBXBuildFile; fileRef = E06072AD2B23841300BF4856 /* ContentView.swift */; };
		E06072B02B23841400BF4856 /* Assets.xcassets in Resources */ = {isa = PBXBuildFile; fileRef = E06072AF2B23841400BF4856 /* Assets.xcassets */; };
		E06072B32B23841400BF4856 /* Preview Assets.xcassets in Resources */ = {isa = PBXBuildFile; fileRef = E06072B22B23841400BF4856 /* Preview Assets.xcassets */; };
		E06072C72B2389C400BF4856 /* MainTabView.swift in Sources */ = {isa = PBXBuildFile; fileRef = E06072C62B2389C400BF4856 /* MainTabView.swift */; };
		E06072C92B238B8200BF4856 /* ProfileView.swift in Sources */ = {isa = PBXBuildFile; fileRef = E06072C82B238B8200BF4856 /* ProfileView.swift */; };
		E06072CC2B23AB4100BF4856 /* UserStatView.swift in Sources */ = {isa = PBXBuildFile; fileRef = E06072CB2B23AB4100BF4856 /* UserStatView.swift */; };
		E06072CE2B23B4EF00BF4856 /* FeedView.swift in Sources */ = {isa = PBXBuildFile; fileRef = E06072CD2B23B4EF00BF4856 /* FeedView.swift */; };
		E06072D02B23B4F700BF4856 /* FeedCell.swift in Sources */ = {isa = PBXBuildFile; fileRef = E06072CF2B23B4F700BF4856 /* FeedCell.swift */; };
		E06072D22B23BDA600BF4856 /* SearchView.swift in Sources */ = {isa = PBXBuildFile; fileRef = E06072D12B23BDA600BF4856 /* SearchView.swift */; };
		E06072D42B23BFC800BF4856 /* LoginView.swift in Sources */ = {isa = PBXBuildFile; fileRef = E06072D32B23BFC800BF4856 /* LoginView.swift */; };
		E06072D62B23FA1A00BF4856 /* AddEmailView.swift in Sources */ = {isa = PBXBuildFile; fileRef = E06072D52B23FA1A00BF4856 /* AddEmailView.swift */; };
		E06072D82B23FE2C00BF4856 /* IGTextFieldModifier.swift in Sources */ = {isa = PBXBuildFile; fileRef = E06072D72B23FE2C00BF4856 /* IGTextFieldModifier.swift */; };
		E06072DA2B23FF1A00BF4856 /* CreateUsernameView.swift in Sources */ = {isa = PBXBuildFile; fileRef = E06072D92B23FF1A00BF4856 /* CreateUsernameView.swift */; };
		E06072DC2B24010700BF4856 /* CreatePasswordView.swift in Sources */ = {isa = PBXBuildFile; fileRef = E06072DB2B24010700BF4856 /* CreatePasswordView.swift */; };
		E06072DE2B2401F700BF4856 /* CompleteSignUpView.swift in Sources */ = {isa = PBXBuildFile; fileRef = E06072DD2B2401F700BF4856 /* CompleteSignUpView.swift */; };
		E0A0ABEF2B24CF9E006DCACE /* User.swift in Sources */ = {isa = PBXBuildFile; fileRef = E0A0ABEE2B24CF9E006DCACE /* User.swift */; };
		E0A0ABF12B24E45D006DCACE /* CurrentUserProfileView.swift in Sources */ = {isa = PBXBuildFile; fileRef = E0A0ABF02B24E45D006DCACE /* CurrentUserProfileView.swift */; };
		E0A0ABF32B2658E0006DCACE /* Post.swift in Sources */ = {isa = PBXBuildFile; fileRef = E0A0ABF22B2658E0006DCACE /* Post.swift */; };
		E0A0ABF52B265FD3006DCACE /* PostGridView.swift in Sources */ = {isa = PBXBuildFile; fileRef = E0A0ABF42B265FD3006DCACE /* PostGridView.swift */; };
		E0A0ABF72B266389006DCACE /* ProfileHeaderView.swift in Sources */ = {isa = PBXBuildFile; fileRef = E0A0ABF62B266389006DCACE /* ProfileHeaderView.swift */; };
		E0A0ABF92B278728006DCACE /* UploadPostView.swift in Sources */ = {isa = PBXBuildFile; fileRef = E0A0ABF82B278728006DCACE /* UploadPostView.swift */; };
		E0A0ABFB2B278C12006DCACE /* UploadPostViewModel.swift in Sources */ = {isa = PBXBuildFile; fileRef = E0A0ABFA2B278C12006DCACE /* UploadPostViewModel.swift */; };
		E0A0ABFD2B27A74A006DCACE /* GoogleService-Info.plist in Resources */ = {isa = PBXBuildFile; fileRef = E0A0ABFC2B27A74A006DCACE /* GoogleService-Info.plist */; };
		E0A0AC002B27A857006DCACE /* FirebaseAuth in Frameworks */ = {isa = PBXBuildFile; productRef = E0A0ABFF2B27A857006DCACE /* FirebaseAuth */; };
		E0A0AC022B27A857006DCACE /* FirebaseFirestore in Frameworks */ = {isa = PBXBuildFile; productRef = E0A0AC012B27A857006DCACE /* FirebaseFirestore */; };
		E0A0AC042B27A857006DCACE /* FirebaseFirestoreSwift in Frameworks */ = {isa = PBXBuildFile; productRef = E0A0AC032B27A857006DCACE /* FirebaseFirestoreSwift */; };
		E0A0AC062B27A857006DCACE /* FirebaseStorage in Frameworks */ = {isa = PBXBuildFile; productRef = E0A0AC052B27A857006DCACE /* FirebaseStorage */; };
		E0A0AC0A2B27AE61006DCACE /* AuthService.swift in Sources */ = {isa = PBXBuildFile; fileRef = E0A0AC092B27AE61006DCACE /* AuthService.swift */; };
		E0A0AC0E2B27C0E6006DCACE /* ContentViewModel.swift in Sources */ = {isa = PBXBuildFile; fileRef = E0A0AC0D2B27C0E6006DCACE /* ContentViewModel.swift */; };
		E0A0AC112B2A27C8006DCACE /* RegistrationViewModel.swift in Sources */ = {isa = PBXBuildFile; fileRef = E0A0AC102B2A27C8006DCACE /* RegistrationViewModel.swift */; };
		E0A0AC132B2A435C006DCACE /* LoginViewModel.swift in Sources */ = {isa = PBXBuildFile; fileRef = E0A0AC122B2A435C006DCACE /* LoginViewModel.swift */; };
		E0A0AC152B2E15C1006DCACE /* UserService.swift in Sources */ = {isa = PBXBuildFile; fileRef = E0A0AC142B2E15C1006DCACE /* UserService.swift */; };
		E0A0AC192B2E16ED006DCACE /* SearchViewModel.swift in Sources */ = {isa = PBXBuildFile; fileRef = E0A0AC182B2E16ED006DCACE /* SearchViewModel.swift */; };
		E0CC5B6E2B32195D00A85220 /* EditProfileView.swift in Sources */ = {isa = PBXBuildFile; fileRef = E0CC5B6D2B32195D00A85220 /* EditProfileView.swift */; };
		E0CC5B722B32237A00A85220 /* EditProfileViewModel.swift in Sources */ = {isa = PBXBuildFile; fileRef = E0CC5B712B32237A00A85220 /* EditProfileViewModel.swift */; };
/* End PBXBuildFile section */

/* Begin PBXFileReference section */
		E06072A82B23841300BF4856 /* InstagramClone.app */ = {isa = PBXFileReference; explicitFileType = wrapper.application; includeInIndex = 0; path = InstagramClone.app; sourceTree = BUILT_PRODUCTS_DIR; };
		E06072AB2B23841300BF4856 /* InstagramCloneApp.swift */ = {isa = PBXFileReference; lastKnownFileType = sourcecode.swift; path = InstagramCloneApp.swift; sourceTree = "<group>"; };
		E06072AD2B23841300BF4856 /* ContentView.swift */ = {isa = PBXFileReference; lastKnownFileType = sourcecode.swift; path = ContentView.swift; sourceTree = "<group>"; };
		E06072AF2B23841400BF4856 /* Assets.xcassets */ = {isa = PBXFileReference; lastKnownFileType = folder.assetcatalog; path = Assets.xcassets; sourceTree = "<group>"; };
		E06072B22B23841400BF4856 /* Preview Assets.xcassets */ = {isa = PBXFileReference; lastKnownFileType = folder.assetcatalog; path = "Preview Assets.xcassets"; sourceTree = "<group>"; };
		E06072C62B2389C400BF4856 /* MainTabView.swift */ = {isa = PBXFileReference; lastKnownFileType = sourcecode.swift; path = MainTabView.swift; sourceTree = "<group>"; };
		E06072C82B238B8200BF4856 /* ProfileView.swift */ = {isa = PBXFileReference; lastKnownFileType = sourcecode.swift; path = ProfileView.swift; sourceTree = "<group>"; };
		E06072CB2B23AB4100BF4856 /* UserStatView.swift */ = {isa = PBXFileReference; lastKnownFileType = sourcecode.swift; path = UserStatView.swift; sourceTree = "<group>"; };
		E06072CD2B23B4EF00BF4856 /* FeedView.swift */ = {isa = PBXFileReference; lastKnownFileType = sourcecode.swift; path = FeedView.swift; sourceTree = "<group>"; };
		E06072CF2B23B4F700BF4856 /* FeedCell.swift */ = {isa = PBXFileReference; lastKnownFileType = sourcecode.swift; path = FeedCell.swift; sourceTree = "<group>"; };
		E06072D12B23BDA600BF4856 /* SearchView.swift */ = {isa = PBXFileReference; lastKnownFileType = sourcecode.swift; path = SearchView.swift; sourceTree = "<group>"; };
		E06072D32B23BFC800BF4856 /* LoginView.swift */ = {isa = PBXFileReference; lastKnownFileType = sourcecode.swift; path = LoginView.swift; sourceTree = "<group>"; };
		E06072D52B23FA1A00BF4856 /* AddEmailView.swift */ = {isa = PBXFileReference; lastKnownFileType = sourcecode.swift; path = AddEmailView.swift; sourceTree = "<group>"; };
		E06072D72B23FE2C00BF4856 /* IGTextFieldModifier.swift */ = {isa = PBXFileReference; lastKnownFileType = sourcecode.swift; path = IGTextFieldModifier.swift; sourceTree = "<group>"; };
		E06072D92B23FF1A00BF4856 /* CreateUsernameView.swift */ = {isa = PBXFileReference; lastKnownFileType = sourcecode.swift; path = CreateUsernameView.swift; sourceTree = "<group>"; };
		E06072DB2B24010700BF4856 /* CreatePasswordView.swift */ = {isa = PBXFileReference; lastKnownFileType = sourcecode.swift; path = CreatePasswordView.swift; sourceTree = "<group>"; };
		E06072DD2B2401F700BF4856 /* CompleteSignUpView.swift */ = {isa = PBXFileReference; lastKnownFileType = sourcecode.swift; path = CompleteSignUpView.swift; sourceTree = "<group>"; };
		E0A0ABEE2B24CF9E006DCACE /* User.swift */ = {isa = PBXFileReference; lastKnownFileType = sourcecode.swift; path = User.swift; sourceTree = "<group>"; };
		E0A0ABF02B24E45D006DCACE /* CurrentUserProfileView.swift */ = {isa = PBXFileReference; lastKnownFileType = sourcecode.swift; path = CurrentUserProfileView.swift; sourceTree = "<group>"; };
		E0A0ABF22B2658E0006DCACE /* Post.swift */ = {isa = PBXFileReference; lastKnownFileType = sourcecode.swift; path = Post.swift; sourceTree = "<group>"; };
		E0A0ABF42B265FD3006DCACE /* PostGridView.swift */ = {isa = PBXFileReference; lastKnownFileType = sourcecode.swift; path = PostGridView.swift; sourceTree = "<group>"; };
		E0A0ABF62B266389006DCACE /* ProfileHeaderView.swift */ = {isa = PBXFileReference; lastKnownFileType = sourcecode.swift; path = ProfileHeaderView.swift; sourceTree = "<group>"; };
		E0A0ABF82B278728006DCACE /* UploadPostView.swift */ = {isa = PBXFileReference; lastKnownFileType = sourcecode.swift; path = UploadPostView.swift; sourceTree = "<group>"; };
		E0A0ABFA2B278C12006DCACE /* UploadPostViewModel.swift */ = {isa = PBXFileReference; lastKnownFileType = sourcecode.swift; path = UploadPostViewModel.swift; sourceTree = "<group>"; };
		E0A0ABFC2B27A74A006DCACE /* GoogleService-Info.plist */ = {isa = PBXFileReference; fileEncoding = 4; lastKnownFileType = text.plist.xml; path = "GoogleService-Info.plist"; sourceTree = "<group>"; };
		E0A0AC092B27AE61006DCACE /* AuthService.swift */ = {isa = PBXFileReference; lastKnownFileType = sourcecode.swift; path = AuthService.swift; sourceTree = "<group>"; };
		E0A0AC0D2B27C0E6006DCACE /* ContentViewModel.swift */ = {isa = PBXFileReference; lastKnownFileType = sourcecode.swift; path = ContentViewModel.swift; sourceTree = "<group>"; };
		E0A0AC102B2A27C8006DCACE /* RegistrationViewModel.swift */ = {isa = PBXFileReference; lastKnownFileType = sourcecode.swift; path = RegistrationViewModel.swift; sourceTree = "<group>"; };
		E0A0AC122B2A435C006DCACE /* LoginViewModel.swift */ = {isa = PBXFileReference; lastKnownFileType = sourcecode.swift; path = LoginViewModel.swift; sourceTree = "<group>"; };
		E0A0AC142B2E15C1006DCACE /* UserService.swift */ = {isa = PBXFileReference; lastKnownFileType = sourcecode.swift; path = UserService.swift; sourceTree = "<group>"; };
		E0A0AC182B2E16ED006DCACE /* SearchViewModel.swift */ = {isa = PBXFileReference; lastKnownFileType = sourcecode.swift; path = SearchViewModel.swift; sourceTree = "<group>"; };
		E0CC5B6D2B32195D00A85220 /* EditProfileView.swift */ = {isa = PBXFileReference; lastKnownFileType = sourcecode.swift; path = EditProfileView.swift; sourceTree = "<group>"; };
		E0CC5B712B32237A00A85220 /* EditProfileViewModel.swift */ = {isa = PBXFileReference; lastKnownFileType = sourcecode.swift; path = EditProfileViewModel.swift; sourceTree = "<group>"; };
/* End PBXFileReference section */

/* Begin PBXFrameworksBuildPhase section */
		E06072A52B23841300BF4856 /* Frameworks */ = {
			isa = PBXFrameworksBuildPhase;
			buildActionMask = 2147483647;
			files = (
				E0A0AC002B27A857006DCACE /* FirebaseAuth in Frameworks */,
				E0A0AC062B27A857006DCACE /* FirebaseStorage in Frameworks */,
				E0A0AC022B27A857006DCACE /* FirebaseFirestore in Frameworks */,
				E0A0AC042B27A857006DCACE /* FirebaseFirestoreSwift in Frameworks */,
			);
			runOnlyForDeploymentPostprocessing = 0;
		};
/* End PBXFrameworksBuildPhase section */

/* Begin PBXGroup section */
		E060729F2B23841300BF4856 = {
			isa = PBXGroup;
			children = (
				E06072AA2B23841300BF4856 /* InstagramClone */,
				E06072A92B23841300BF4856 /* Products */,
			);
			sourceTree = "<group>";
		};
		E06072A92B23841300BF4856 /* Products */ = {
			isa = PBXGroup;
			children = (
				E06072A82B23841300BF4856 /* InstagramClone.app */,
			);
			name = Products;
			sourceTree = "<group>";
		};
		E06072AA2B23841300BF4856 /* InstagramClone */ = {
			isa = PBXGroup;
			children = (
				E06072BE2B23855C00BF4856 /* App */,
				E06072BC2B23855300BF4856 /* Core */,
				E06072BB2B23855100BF4856 /* Extensions */,
				E06072BA2B23855000BF4856 /* Model */,
				E06072B92B23854A00BF4856 /* Services */,
				E0A0ABFC2B27A74A006DCACE /* GoogleService-Info.plist */,
				E06072AF2B23841400BF4856 /* Assets.xcassets */,
				E06072B12B23841400BF4856 /* Preview Content */,
			);
			path = InstagramClone;
			sourceTree = "<group>";
		};
		E06072B12B23841400BF4856 /* Preview Content */ = {
			isa = PBXGroup;
			children = (
				E06072B22B23841400BF4856 /* Preview Assets.xcassets */,
			);
			path = "Preview Content";
			sourceTree = "<group>";
		};
		E06072B92B23854A00BF4856 /* Services */ = {
			isa = PBXGroup;
			children = (
			);
			path = Services;
			sourceTree = "<group>";
		};
		E06072BA2B23855000BF4856 /* Model */ = {
			isa = PBXGroup;
			children = (
				E0A0ABF22B2658E0006DCACE /* Post.swift */,
				E0A0ABEE2B24CF9E006DCACE /* User.swift */,
			);
			path = Model;
			sourceTree = "<group>";
		};
		E06072BB2B23855100BF4856 /* Extensions */ = {
			isa = PBXGroup;
			children = (
			);
			path = Extensions;
			sourceTree = "<group>";
		};
		E06072BC2B23855300BF4856 /* Core */ = {
			isa = PBXGroup;
			children = (
				E06072BF2B23858F00BF4856 /* Authentication */,
				E06072CA2B23AB2800BF4856 /* Components */,
				E06072C02B23859A00BF4856 /* Feed */,
				E06072C12B2385A100BF4856 /* Profile */,
				E06072C22B2385A800BF4856 /* Root */,
				E06072C32B2385B200BF4856 /* Search */,
				E06072C52B2385C700BF4856 /* TabBar */,
				E06072C42B2385C500BF4856 /* UploadPost */,
			);
			path = Core;
			sourceTree = "<group>";
		};
		E06072BE2B23855C00BF4856 /* App */ = {
			isa = PBXGroup;
			children = (
				E06072AB2B23841300BF4856 /* InstagramCloneApp.swift */,
			);
			path = App;
			sourceTree = "<group>";
		};
		E06072BF2B23858F00BF4856 /* Authentication */ = {
			isa = PBXGroup;
			children = (
				E0A0AC082B27AE58006DCACE /* Service */,
				E0A0AC072B27AE48006DCACE /* View */,
				E0A0AC0F2B2A27B0006DCACE /* ViewModel */,
			);
			path = Authentication;
			sourceTree = "<group>";
		};
		E06072C02B23859A00BF4856 /* Feed */ = {
			isa = PBXGroup;
			children = (
				E06072CF2B23B4F700BF4856 /* FeedCell.swift */,
				E06072CD2B23B4EF00BF4856 /* FeedView.swift */,
			);
			path = Feed;
			sourceTree = "<group>";
		};
		E06072C12B2385A100BF4856 /* Profile */ = {
			isa = PBXGroup;
			children = (
				E0CC5B702B32236700A85220 /* View */,
				E0CC5B6F2B32236200A85220 /* ViewModel */,
			);
			path = Profile;
			sourceTree = "<group>";
		};
		E06072C22B2385A800BF4856 /* Root */ = {
			isa = PBXGroup;
			children = (
				E0A0AC0B2B27C0D0006DCACE /* View */,
				E0A0AC0C2B27C0D4006DCACE /* ViewModel */,
			);
			path = Root;
			sourceTree = "<group>";
		};
		E06072C32B2385B200BF4856 /* Search */ = {
			isa = PBXGroup;
			children = (
				E0A0AC172B2E16E0006DCACE /* View */,
				E0A0AC162B2E16DA006DCACE /* ViewModel */,
			);
			path = Search;
			sourceTree = "<group>";
		};
		E06072C42B2385C500BF4856 /* UploadPost */ = {
			isa = PBXGroup;
			children = (
				E0A0ABF82B278728006DCACE /* UploadPostView.swift */,
				E0A0ABFA2B278C12006DCACE /* UploadPostViewModel.swift */,
			);
			path = UploadPost;
			sourceTree = "<group>";
		};
		E06072C52B2385C700BF4856 /* TabBar */ = {
			isa = PBXGroup;
			children = (
				E06072C62B2389C400BF4856 /* MainTabView.swift */,
			);
			path = TabBar;
			sourceTree = "<group>";
		};
		E06072CA2B23AB2800BF4856 /* Components */ = {
			isa = PBXGroup;
			children = (
				E06072D72B23FE2C00BF4856 /* IGTextFieldModifier.swift */,
				E0A0ABF42B265FD3006DCACE /* PostGridView.swift */,
				E06072CB2B23AB4100BF4856 /* UserStatView.swift */,
			);
			path = Components;
			sourceTree = "<group>";
		};
		E0A0AC072B27AE48006DCACE /* View */ = {
			isa = PBXGroup;
			children = (
				E06072D52B23FA1A00BF4856 /* AddEmailView.swift */,
				E06072DD2B2401F700BF4856 /* CompleteSignUpView.swift */,
				E06072DB2B24010700BF4856 /* CreatePasswordView.swift */,
				E06072D92B23FF1A00BF4856 /* CreateUsernameView.swift */,
				E06072D32B23BFC800BF4856 /* LoginView.swift */,
			);
			path = View;
			sourceTree = "<group>";
		};
		E0A0AC082B27AE58006DCACE /* Service */ = {
			isa = PBXGroup;
			children = (
				E0A0AC092B27AE61006DCACE /* AuthService.swift */,
				E0A0AC142B2E15C1006DCACE /* UserService.swift */,
			);
			path = Service;
			sourceTree = "<group>";
		};
		E0A0AC0B2B27C0D0006DCACE /* View */ = {
			isa = PBXGroup;
			children = (
				E06072AD2B23841300BF4856 /* ContentView.swift */,
			);
			path = View;
			sourceTree = "<group>";
		};
		E0A0AC0C2B27C0D4006DCACE /* ViewModel */ = {
			isa = PBXGroup;
			children = (
				E0A0AC0D2B27C0E6006DCACE /* ContentViewModel.swift */,
			);
			path = ViewModel;
			sourceTree = "<group>";
		};
		E0A0AC0F2B2A27B0006DCACE /* ViewModel */ = {
			isa = PBXGroup;
			children = (
				E0A0AC102B2A27C8006DCACE /* RegistrationViewModel.swift */,
				E0A0AC122B2A435C006DCACE /* LoginViewModel.swift */,
			);
			path = ViewModel;
			sourceTree = "<group>";
		};
		E0A0AC162B2E16DA006DCACE /* ViewModel */ = {
			isa = PBXGroup;
			children = (
				E0A0AC182B2E16ED006DCACE /* SearchViewModel.swift */,
			);
			path = ViewModel;
			sourceTree = "<group>";
		};
		E0A0AC172B2E16E0006DCACE /* View */ = {
			isa = PBXGroup;
			children = (
				E06072D12B23BDA600BF4856 /* SearchView.swift */,
			);
			path = View;
			sourceTree = "<group>";
		};
		E0CC5B6F2B32236200A85220 /* ViewModel */ = {
			isa = PBXGroup;
			children = (
				E0CC5B712B32237A00A85220 /* EditProfileViewModel.swift */,
			);
			path = ViewModel;
			sourceTree = "<group>";
		};
		E0CC5B702B32236700A85220 /* View */ = {
			isa = PBXGroup;
			children = (
				E0A0ABF02B24E45D006DCACE /* CurrentUserProfileView.swift */,
				E0A0ABF62B266389006DCACE /* ProfileHeaderView.swift */,
				E06072C82B238B8200BF4856 /* ProfileView.swift */,
				E0CC5B6D2B32195D00A85220 /* EditProfileView.swift */,
			);
			path = View;
			sourceTree = "<group>";
		};
/* End PBXGroup section */

/* Begin PBXNativeTarget section */
		E06072A72B23841300BF4856 /* InstagramClone */ = {
			isa = PBXNativeTarget;
			buildConfigurationList = E06072B62B23841400BF4856 /* Build configuration list for PBXNativeTarget "InstagramClone" */;
			buildPhases = (
				E06072A42B23841300BF4856 /* Sources */,
				E06072A52B23841300BF4856 /* Frameworks */,
				E06072A62B23841300BF4856 /* Resources */,
			);
			buildRules = (
			);
			dependencies = (
			);
			name = InstagramClone;
			packageProductDependencies = (
				E0A0ABFF2B27A857006DCACE /* FirebaseAuth */,
				E0A0AC012B27A857006DCACE /* FirebaseFirestore */,
				E0A0AC032B27A857006DCACE /* FirebaseFirestoreSwift */,
				E0A0AC052B27A857006DCACE /* FirebaseStorage */,
			);
			productName = InstagramClone;
			productReference = E06072A82B23841300BF4856 /* InstagramClone.app */;
			productType = "com.apple.product-type.application";
		};
/* End PBXNativeTarget section */

/* Begin PBXProject section */
		E06072A02B23841300BF4856 /* Project object */ = {
			isa = PBXProject;
			attributes = {
				BuildIndependentTargetsInParallel = 1;
				LastSwiftUpdateCheck = 1500;
				LastUpgradeCheck = 1500;
				TargetAttributes = {
					E06072A72B23841300BF4856 = {
						CreatedOnToolsVersion = 15.0.1;
					};
				};
			};
			buildConfigurationList = E06072A32B23841300BF4856 /* Build configuration list for PBXProject "InstagramClone" */;
			compatibilityVersion = "Xcode 14.0";
			developmentRegion = en;
			hasScannedForEncodings = 0;
			knownRegions = (
				en,
				Base,
			);
			mainGroup = E060729F2B23841300BF4856;
			packageReferences = (
				E0A0ABFE2B27A857006DCACE /* XCRemoteSwiftPackageReference "firebase-ios-sdk" */,
			);
			productRefGroup = E06072A92B23841300BF4856 /* Products */;
			projectDirPath = "";
			projectRoot = "";
			targets = (
				E06072A72B23841300BF4856 /* InstagramClone */,
			);
		};
/* End PBXProject section */

/* Begin PBXResourcesBuildPhase section */
		E06072A62B23841300BF4856 /* Resources */ = {
			isa = PBXResourcesBuildPhase;
			buildActionMask = 2147483647;
			files = (
				E06072B32B23841400BF4856 /* Preview Assets.xcassets in Resources */,
				E06072B02B23841400BF4856 /* Assets.xcassets in Resources */,
				E0A0ABFD2B27A74A006DCACE /* GoogleService-Info.plist in Resources */,
			);
			runOnlyForDeploymentPostprocessing = 0;
		};
/* End PBXResourcesBuildPhase section */

/* Begin PBXSourcesBuildPhase section */
		E06072A42B23841300BF4856 /* Sources */ = {
			isa = PBXSourcesBuildPhase;
			buildActionMask = 2147483647;
			files = (
				E06072D02B23B4F700BF4856 /* FeedCell.swift in Sources */,
				E0A0ABF92B278728006DCACE /* UploadPostView.swift in Sources */,
				E06072C92B238B8200BF4856 /* ProfileView.swift in Sources */,
				E06072AE2B23841300BF4856 /* ContentView.swift in Sources */,
				E06072D42B23BFC800BF4856 /* LoginView.swift in Sources */,
				E0CC5B722B32237A00A85220 /* EditProfileViewModel.swift in Sources */,
				E0A0AC0A2B27AE61006DCACE /* AuthService.swift in Sources */,
				E0A0AC152B2E15C1006DCACE /* UserService.swift in Sources */,
				E0A0ABF32B2658E0006DCACE /* Post.swift in Sources */,
				E06072CC2B23AB4100BF4856 /* UserStatView.swift in Sources */,
				E0A0ABF12B24E45D006DCACE /* CurrentUserProfileView.swift in Sources */,
				E06072D62B23FA1A00BF4856 /* AddEmailView.swift in Sources */,
				E0A0ABF52B265FD3006DCACE /* PostGridView.swift in Sources */,
				E06072DA2B23FF1A00BF4856 /* CreateUsernameView.swift in Sources */,
				E0A0AC0E2B27C0E6006DCACE /* ContentViewModel.swift in Sources */,
				E0CC5B6E2B32195D00A85220 /* EditProfileView.swift in Sources */,
				E0A0AC132B2A435C006DCACE /* LoginViewModel.swift in Sources */,
				E0A0AC112B2A27C8006DCACE /* RegistrationViewModel.swift in Sources */,
				E0A0ABFB2B278C12006DCACE /* UploadPostViewModel.swift in Sources */,
				E0A0ABF72B266389006DCACE /* ProfileHeaderView.swift in Sources */,
				E06072DE2B2401F700BF4856 /* CompleteSignUpView.swift in Sources */,
				E0A0ABEF2B24CF9E006DCACE /* User.swift in Sources */,
				E06072D22B23BDA600BF4856 /* SearchView.swift in Sources */,
				E06072D82B23FE2C00BF4856 /* IGTextFieldModifier.swift in Sources */,
				E06072AC2B23841300BF4856 /* InstagramCloneApp.swift in Sources */,
				E06072CE2B23B4EF00BF4856 /* FeedView.swift in Sources */,
				E0A0AC192B2E16ED006DCACE /* SearchViewModel.swift in Sources */,
				E06072C72B2389C400BF4856 /* MainTabView.swift in Sources */,
				E06072DC2B24010700BF4856 /* CreatePasswordView.swift in Sources */,
			);
			runOnlyForDeploymentPostprocessing = 0;
		};
/* End PBXSourcesBuildPhase section */

/* Begin XCBuildConfiguration section */
		E06072B42B23841400BF4856 /* Debug */ = {
			isa = XCBuildConfiguration;
			buildSettings = {
				ALWAYS_SEARCH_USER_PATHS = NO;
				ASSETCATALOG_COMPILER_GENERATE_SWIFT_ASSET_SYMBOL_EXTENSIONS = YES;
				CLANG_ANALYZER_NONNULL = YES;
				CLANG_ANALYZER_NUMBER_OBJECT_CONVERSION = YES_AGGRESSIVE;
				CLANG_CXX_LANGUAGE_STANDARD = "gnu++20";
				CLANG_ENABLE_MODULES = YES;
				CLANG_ENABLE_OBJC_ARC = YES;
				CLANG_ENABLE_OBJC_WEAK = YES;
				CLANG_WARN_BLOCK_CAPTURE_AUTORELEASING = YES;
				CLANG_WARN_BOOL_CONVERSION = YES;
				CLANG_WARN_COMMA = YES;
				CLANG_WARN_CONSTANT_CONVERSION = YES;
				CLANG_WARN_DEPRECATED_OBJC_IMPLEMENTATIONS = YES;
				CLANG_WARN_DIRECT_OBJC_ISA_USAGE = YES_ERROR;
				CLANG_WARN_DOCUMENTATION_COMMENTS = YES;
				CLANG_WARN_EMPTY_BODY = YES;
				CLANG_WARN_ENUM_CONVERSION = YES;
				CLANG_WARN_INFINITE_RECURSION = YES;
				CLANG_WARN_INT_CONVERSION = YES;
				CLANG_WARN_NON_LITERAL_NULL_CONVERSION = YES;
				CLANG_WARN_OBJC_IMPLICIT_RETAIN_SELF = YES;
				CLANG_WARN_OBJC_LITERAL_CONVERSION = YES;
				CLANG_WARN_OBJC_ROOT_CLASS = YES_ERROR;
				CLANG_WARN_QUOTED_INCLUDE_IN_FRAMEWORK_HEADER = YES;
				CLANG_WARN_RANGE_LOOP_ANALYSIS = YES;
				CLANG_WARN_STRICT_PROTOTYPES = YES;
				CLANG_WARN_SUSPICIOUS_MOVE = YES;
				CLANG_WARN_UNGUARDED_AVAILABILITY = YES_AGGRESSIVE;
				CLANG_WARN_UNREACHABLE_CODE = YES;
				CLANG_WARN__DUPLICATE_METHOD_MATCH = YES;
				COPY_PHASE_STRIP = NO;
				DEBUG_INFORMATION_FORMAT = dwarf;
				ENABLE_STRICT_OBJC_MSGSEND = YES;
				ENABLE_TESTABILITY = YES;
				ENABLE_USER_SCRIPT_SANDBOXING = YES;
				GCC_C_LANGUAGE_STANDARD = gnu17;
				GCC_DYNAMIC_NO_PIC = NO;
				GCC_NO_COMMON_BLOCKS = YES;
				GCC_OPTIMIZATION_LEVEL = 0;
				GCC_PREPROCESSOR_DEFINITIONS = (
					"DEBUG=1",
					"$(inherited)",
				);
				GCC_WARN_64_TO_32_BIT_CONVERSION = YES;
				GCC_WARN_ABOUT_RETURN_TYPE = YES_ERROR;
				GCC_WARN_UNDECLARED_SELECTOR = YES;
				GCC_WARN_UNINITIALIZED_AUTOS = YES_AGGRESSIVE;
				GCC_WARN_UNUSED_FUNCTION = YES;
				GCC_WARN_UNUSED_VARIABLE = YES;
				IPHONEOS_DEPLOYMENT_TARGET = 17.0;
				LOCALIZATION_PREFERS_STRING_CATALOGS = YES;
				MTL_ENABLE_DEBUG_INFO = INCLUDE_SOURCE;
				MTL_FAST_MATH = YES;
				ONLY_ACTIVE_ARCH = YES;
				SDKROOT = iphoneos;
				SWIFT_ACTIVE_COMPILATION_CONDITIONS = "DEBUG $(inherited)";
				SWIFT_OPTIMIZATION_LEVEL = "-Onone";
			};
			name = Debug;
		};
		E06072B52B23841400BF4856 /* Release */ = {
			isa = XCBuildConfiguration;
			buildSettings = {
				ALWAYS_SEARCH_USER_PATHS = NO;
				ASSETCATALOG_COMPILER_GENERATE_SWIFT_ASSET_SYMBOL_EXTENSIONS = YES;
				CLANG_ANALYZER_NONNULL = YES;
				CLANG_ANALYZER_NUMBER_OBJECT_CONVERSION = YES_AGGRESSIVE;
				CLANG_CXX_LANGUAGE_STANDARD = "gnu++20";
				CLANG_ENABLE_MODULES = YES;
				CLANG_ENABLE_OBJC_ARC = YES;
				CLANG_ENABLE_OBJC_WEAK = YES;
				CLANG_WARN_BLOCK_CAPTURE_AUTORELEASING = YES;
				CLANG_WARN_BOOL_CONVERSION = YES;
				CLANG_WARN_COMMA = YES;
				CLANG_WARN_CONSTANT_CONVERSION = YES;
				CLANG_WARN_DEPRECATED_OBJC_IMPLEMENTATIONS = YES;
				CLANG_WARN_DIRECT_OBJC_ISA_USAGE = YES_ERROR;
				CLANG_WARN_DOCUMENTATION_COMMENTS = YES;
				CLANG_WARN_EMPTY_BODY = YES;
				CLANG_WARN_ENUM_CONVERSION = YES;
				CLANG_WARN_INFINITE_RECURSION = YES;
				CLANG_WARN_INT_CONVERSION = YES;
				CLANG_WARN_NON_LITERAL_NULL_CONVERSION = YES;
				CLANG_WARN_OBJC_IMPLICIT_RETAIN_SELF = YES;
				CLANG_WARN_OBJC_LITERAL_CONVERSION = YES;
				CLANG_WARN_OBJC_ROOT_CLASS = YES_ERROR;
				CLANG_WARN_QUOTED_INCLUDE_IN_FRAMEWORK_HEADER = YES;
				CLANG_WARN_RANGE_LOOP_ANALYSIS = YES;
				CLANG_WARN_STRICT_PROTOTYPES = YES;
				CLANG_WARN_SUSPICIOUS_MOVE = YES;
				CLANG_WARN_UNGUARDED_AVAILABILITY = YES_AGGRESSIVE;
				CLANG_WARN_UNREACHABLE_CODE = YES;
				CLANG_WARN__DUPLICATE_METHOD_MATCH = YES;
				COPY_PHASE_STRIP = NO;
				DEBUG_INFORMATION_FORMAT = "dwarf-with-dsym";
				ENABLE_NS_ASSERTIONS = NO;
				ENABLE_STRICT_OBJC_MSGSEND = YES;
				ENABLE_USER_SCRIPT_SANDBOXING = YES;
				GCC_C_LANGUAGE_STANDARD = gnu17;
				GCC_NO_COMMON_BLOCKS = YES;
				GCC_WARN_64_TO_32_BIT_CONVERSION = YES;
				GCC_WARN_ABOUT_RETURN_TYPE = YES_ERROR;
				GCC_WARN_UNDECLARED_SELECTOR = YES;
				GCC_WARN_UNINITIALIZED_AUTOS = YES_AGGRESSIVE;
				GCC_WARN_UNUSED_FUNCTION = YES;
				GCC_WARN_UNUSED_VARIABLE = YES;
				IPHONEOS_DEPLOYMENT_TARGET = 17.0;
				LOCALIZATION_PREFERS_STRING_CATALOGS = YES;
				MTL_ENABLE_DEBUG_INFO = NO;
				MTL_FAST_MATH = YES;
				SDKROOT = iphoneos;
				SWIFT_COMPILATION_MODE = wholemodule;
				VALIDATE_PRODUCT = YES;
			};
			name = Release;
		};
		E06072B72B23841400BF4856 /* Debug */ = {
			isa = XCBuildConfiguration;
			buildSettings = {
				ASSETCATALOG_COMPILER_APPICON_NAME = AppIcon;
				ASSETCATALOG_COMPILER_GLOBAL_ACCENT_COLOR_NAME = AccentColor;
				CODE_SIGN_STYLE = Automatic;
				CURRENT_PROJECT_VERSION = 1;
				DEVELOPMENT_ASSET_PATHS = "\"InstagramClone/Preview Content\"";
				DEVELOPMENT_TEAM = 4Y6FH4D2V4;
				ENABLE_PREVIEWS = YES;
				GENERATE_INFOPLIST_FILE = YES;
				INFOPLIST_KEY_UIApplicationSceneManifest_Generation = YES;
				INFOPLIST_KEY_UIApplicationSupportsIndirectInputEvents = YES;
				INFOPLIST_KEY_UILaunchScreen_Generation = YES;
				INFOPLIST_KEY_UISupportedInterfaceOrientations_iPad = "UIInterfaceOrientationPortrait UIInterfaceOrientationPortraitUpsideDown UIInterfaceOrientationLandscapeLeft UIInterfaceOrientationLandscapeRight";
				INFOPLIST_KEY_UISupportedInterfaceOrientations_iPhone = "UIInterfaceOrientationPortrait UIInterfaceOrientationLandscapeLeft UIInterfaceOrientationLandscapeRight";
				LD_RUNPATH_SEARCH_PATHS = (
					"$(inherited)",
					"@executable_path/Frameworks",
				);
				MARKETING_VERSION = 1.0;
				PRODUCT_BUNDLE_IDENTIFIER = com.sweeney.InstagramClone;
				PRODUCT_NAME = "$(TARGET_NAME)";
				SWIFT_EMIT_LOC_STRINGS = YES;
				SWIFT_VERSION = 5.0;
				TARGETED_DEVICE_FAMILY = "1,2";
			};
			name = Debug;
		};
		E06072B82B23841400BF4856 /* Release */ = {
			isa = XCBuildConfiguration;
			buildSettings = {
				ASSETCATALOG_COMPILER_APPICON_NAME = AppIcon;
				ASSETCATALOG_COMPILER_GLOBAL_ACCENT_COLOR_NAME = AccentColor;
				CODE_SIGN_STYLE = Automatic;
				CURRENT_PROJECT_VERSION = 1;
				DEVELOPMENT_ASSET_PATHS = "\"InstagramClone/Preview Content\"";
				DEVELOPMENT_TEAM = 4Y6FH4D2V4;
				ENABLE_PREVIEWS = YES;
				GENERATE_INFOPLIST_FILE = YES;
				INFOPLIST_KEY_UIApplicationSceneManifest_Generation = YES;
				INFOPLIST_KEY_UIApplicationSupportsIndirectInputEvents = YES;
				INFOPLIST_KEY_UILaunchScreen_Generation = YES;
				INFOPLIST_KEY_UISupportedInterfaceOrientations_iPad = "UIInterfaceOrientationPortrait UIInterfaceOrientationPortraitUpsideDown UIInterfaceOrientationLandscapeLeft UIInterfaceOrientationLandscapeRight";
				INFOPLIST_KEY_UISupportedInterfaceOrientations_iPhone = "UIInterfaceOrientationPortrait UIInterfaceOrientationLandscapeLeft UIInterfaceOrientationLandscapeRight";
				LD_RUNPATH_SEARCH_PATHS = (
					"$(inherited)",
					"@executable_path/Frameworks",
				);
				MARKETING_VERSION = 1.0;
				PRODUCT_BUNDLE_IDENTIFIER = com.sweeney.InstagramClone;
				PRODUCT_NAME = "$(TARGET_NAME)";
				SWIFT_EMIT_LOC_STRINGS = YES;
				SWIFT_VERSION = 5.0;
				TARGETED_DEVICE_FAMILY = "1,2";
			};
			name = Release;
		};
/* End XCBuildConfiguration section */

/* Begin XCConfigurationList section */
		E06072A32B23841300BF4856 /* Build configuration list for PBXProject "InstagramClone" */ = {
			isa = XCConfigurationList;
			buildConfigurations = (
				E06072B42B23841400BF4856 /* Debug */,
				E06072B52B23841400BF4856 /* Release */,
			);
			defaultConfigurationIsVisible = 0;
			defaultConfigurationName = Release;
		};
		E06072B62B23841400BF4856 /* Build configuration list for PBXNativeTarget "InstagramClone" */ = {
			isa = XCConfigurationList;
			buildConfigurations = (
				E06072B72B23841400BF4856 /* Debug */,
				E06072B82B23841400BF4856 /* Release */,
			);
			defaultConfigurationIsVisible = 0;
			defaultConfigurationName = Release;
		};
/* End XCConfigurationList section */

/* Begin XCRemoteSwiftPackageReference section */
		E0A0ABFE2B27A857006DCACE /* XCRemoteSwiftPackageReference "firebase-ios-sdk" */ = {
			isa = XCRemoteSwiftPackageReference;
			repositoryURL = "https://github.com/firebase/firebase-ios-sdk";
			requirement = {
				kind = upToNextMajorVersion;
				minimumVersion = 10.19.0;
			};
		};
/* End XCRemoteSwiftPackageReference section */

/* Begin XCSwiftPackageProductDependency section */
		E0A0ABFF2B27A857006DCACE /* FirebaseAuth */ = {
			isa = XCSwiftPackageProductDependency;
			package = E0A0ABFE2B27A857006DCACE /* XCRemoteSwiftPackageReference "firebase-ios-sdk" */;
			productName = FirebaseAuth;
		};
		E0A0AC012B27A857006DCACE /* FirebaseFirestore */ = {
			isa = XCSwiftPackageProductDependency;
			package = E0A0ABFE2B27A857006DCACE /* XCRemoteSwiftPackageReference "firebase-ios-sdk" */;
			productName = FirebaseFirestore;
		};
		E0A0AC032B27A857006DCACE /* FirebaseFirestoreSwift */ = {
			isa = XCSwiftPackageProductDependency;
			package = E0A0ABFE2B27A857006DCACE /* XCRemoteSwiftPackageReference "firebase-ios-sdk" */;
			productName = FirebaseFirestoreSwift;
		};
		E0A0AC052B27A857006DCACE /* FirebaseStorage */ = {
			isa = XCSwiftPackageProductDependency;
			package = E0A0ABFE2B27A857006DCACE /* XCRemoteSwiftPackageReference "firebase-ios-sdk" */;
			productName = FirebaseStorage;
		};
/* End XCSwiftPackageProductDependency section */
	};
	rootObject = E06072A02B23841300BF4856 /* Project object */;
}
